
Microsoft Visual Studio Solution File, Format Version 12.00
# Visual Studio Version 16
VisualStudioVersion = 16.0.32602.291
MinimumVisualStudioVersion = 10.0.40219.1
Project("{9A19103F-16F7-4668-BE54-9A1E7A4F7556}") = "Chappa", "Chappa\Chappa.csproj", "{BC4CAD30-9E68-4C04-9F5E-F288BCE839B2}"
EndProject
Global
	GlobalSection(SolutionConfigurationPlatforms) = preSolution
		Debug|Any CPU = Debug|Any CPU
		Release|Any CPU = Release|Any CPU
	EndGlobalSection
	GlobalSection(ProjectConfigurationPlatforms) = postSolution
		{BC4CAD30-9E68-4C04-9F5E-F288BCE839B2}.Debug|Any CPU.ActiveCfg = Debug|Any CPU
		{BC4CAD30-9E68-4C04-9F5E-F288BCE839B2}.Debug|Any CPU.Build.0 = Debug|Any CPU
		{BC4CAD30-9E68-4C04-9F5E-F288BCE839B2}.Release|Any CPU.ActiveCfg = Release|Any CPU
		{BC4CAD30-9E68-4C04-9F5E-F288BCE839B2}.Release|Any CPU.Build.0 = Release|Any CPU
	EndGlobalSection
	GlobalSection(SolutionProperties) = preSolution
		HideSolutionNode = FALSE
	EndGlobalSection
	GlobalSection(ExtensibilityGlobals) = postSolution
		SolutionGuid = {6AC1AE24-5341-4548-BEAB-2318EA7EBEF7}
	EndGlobalSection
EndGlobal
